PODS:
  - CocoaLUT (9000.0.0):
    - M13OrderedDictionary
    - RegExCategories
    - XMLDictionary
  - M13OrderedDictionary (1.0.2)
  - RegExCategories (1.0)
  - XMLDictionary (1.4)

DEPENDENCIES:
  - CocoaLUT (from `../`)

EXTERNAL SOURCES:
  CocoaLUT:
    :path: ../

SPEC CHECKSUMS:
  CocoaLUT: db7ac039d15103a51858fb49bbc785c9cf719934
  M13OrderedDictionary: a3adfce26e271ef03cf0d9cedc7d85a4f1ae5806
  RegExCategories: a6410301023ff81bd047c05fd8691d24ca5c7ea9
  XMLDictionary: 735e81b9a043e220b0d24e9d4f16719606f2e0fc

COCOAPODS: 0.33.1
