// !$*UTF8*$!
{
	archiveVersion = 1;
	classes = {
	};
	objectVersion = 46;
	objects = {

/* Begin PBXBuildFile section */
		3B44B680195BDF4E00EE1E1E /* ParserTests.m in Sources */ = {isa = PBXBuildFile; fileRef = 3B44B67F195BDF4E00EE1E1E /* ParserTests.m */; };
		3B9F1695195BD396000D7F18 /* crosstalk.3dl in Resources */ = {isa = PBXBuildFile; fileRef = 3B9F168E195BD396000D7F18 /* crosstalk.3dl */; };
		3B9F1696195BD396000D7F18 /* halfred_truelight.3dl in Resources */ = {isa = PBXBuildFile; fileRef = 3B9F168F195BD396000D7F18 /* halfred_truelight.3dl */; };
		3B9F1697195BD396000D7F18 /* halfred_truelight_log.3dl in Resources */ = {isa = PBXBuildFile; fileRef = 3B9F1690195BD396000D7F18 /* halfred_truelight_log.3dl */; };
		3B9F1698195BD396000D7F18 /* crosstalk.cube in Resources */ = {isa = PBXBuildFile; fileRef = 3B9F1692195BD396000D7F18 /* crosstalk.cube */; };
		3B9F1699195BD396000D7F18 /* halfred_iridas.cube in Resources */ = {isa = PBXBuildFile; fileRef = 3B9F1693195BD396000D7F18 /* halfred_iridas.cube */; };
		3B9F169A195BD396000D7F18 /* iridas.cube in Resources */ = {isa = PBXBuildFile; fileRef = 3B9F1694195BD396000D7F18 /* iridas.cube */; };
		DCEE1B518BFF4DA0A3DB7DA0 /* libPods-CocoaLUTTests.a in Frameworks */ = {isa = PBXBuildFile; fileRef = 51A1D4F5F4C445BB8B8E7353 /* libPods-CocoaLUTTests.a */; };
/* End PBXBuildFile section */

/* Begin PBXFileReference section */
		136DB71339AF4635AAB96137 /* libPods-CocoaLUT.a */ = {isa = PBXFileReference; explicitFileType = archive.ar; includeInIndex = 0; path = "libPods-CocoaLUT.a"; sourceTree = BUILT_PRODUCTS_DIR; };
		3B44B67F195BDF4E00EE1E1E /* ParserTests.m */ = {isa = PBXFileReference; fileEncoding = 4; lastKnownFileType = sourcecode.c.objc; path = ParserTests.m; sourceTree = "<group>"; };
		3B9F168A195BD18F000D7F18 /* CocoaLUTTests-Bridging-Header.h */ = {isa = PBXFileReference; lastKnownFileType = sourcecode.c.h; name = "CocoaLUTTests-Bridging-Header.h"; path = "CocoaLUTTests/CocoaLUTTests-Bridging-Header.h"; sourceTree = "<group>"; };
		3B9F168E195BD396000D7F18 /* crosstalk.3dl */ = {isa = PBXFileReference; fileEncoding = 4; lastKnownFileType = text; path = crosstalk.3dl; sourceTree = "<group>"; };
		3B9F168F195BD396000D7F18 /* halfred_truelight.3dl */ = {isa = PBXFileReference; fileEncoding = 4; lastKnownFileType = text; path = halfred_truelight.3dl; sourceTree = "<group>"; };
		3B9F1690195BD396000D7F18 /* halfred_truelight_log.3dl */ = {isa = PBXFileReference; fileEncoding = 4; lastKnownFileType = text; path = halfred_truelight_log.3dl; sourceTree = "<group>"; };
		3B9F1692195BD396000D7F18 /* crosstalk.cube */ = {isa = PBXFileReference; fileEncoding = 4; lastKnownFileType = text; path = crosstalk.cube; sourceTree = "<group>"; };
		3B9F1693195BD396000D7F18 /* halfred_iridas.cube */ = {isa = PBXFileReference; fileEncoding = 4; lastKnownFileType = text; path = halfred_iridas.cube; sourceTree = "<group>"; };
		3B9F1694195BD396000D7F18 /* iridas.cube */ = {isa = PBXFileReference; fileEncoding = 4; lastKnownFileType = text; path = iridas.cube; sourceTree = "<group>"; };
		3BC45605195BCF670030435D /* CocoaLUTTests.xctest */ = {isa = PBXFileReference; explicitFileType = wrapper.cfbundle; includeInIndex = 0; path = CocoaLUTTests.xctest; sourceTree = BUILT_PRODUCTS_DIR; };
		3BC4560A195BCF670030435D /* Info.plist */ = {isa = PBXFileReference; lastKnownFileType = text.plist.xml; path = Info.plist; sourceTree = "<group>"; };
		51A1D4F5F4C445BB8B8E7353 /* libPods-CocoaLUTTests.a */ = {isa = PBXFileReference; explicitFileType = archive.ar; includeInIndex = 0; path = "libPods-CocoaLUTTests.a"; sourceTree = BUILT_PRODUCTS_DIR; };
		F14D50DF822D4C6093067A10 /* Pods-CocoaLUTTests.xcconfig */ = {isa = PBXFileReference; includeInIndex = 1; lastKnownFileType = text.xcconfig; name = "Pods-CocoaLUTTests.xcconfig"; path = "Pods/Pods-CocoaLUTTests.xcconfig"; sourceTree = "<group>"; };
/* End PBXFileReference section */

/* Begin PBXFrameworksBuildPhase section */
		3BC45602195BCF670030435D /* Frameworks */ = {
			isa = PBXFrameworksBuildPhase;
			buildActionMask = 2147483647;
			files = (
				DCEE1B518BFF4DA0A3DB7DA0 /* libPods-CocoaLUTTests.a in Frameworks */,
			);
			runOnlyForDeploymentPostprocessing = 0;
		};
/* End PBXFrameworksBuildPhase section */

/* Begin PBXGroup section */
		3B9F168D195BD396000D7F18 /* 3dl */ = {
			isa = PBXGroup;
			children = (
				3B9F168E195BD396000D7F18 /* crosstalk.3dl */,
				3B9F168F195BD396000D7F18 /* halfred_truelight.3dl */,
				3B9F1690195BD396000D7F18 /* halfred_truelight_log.3dl */,
			);
			name = 3dl;
			path = OpenColorIO/3dl;
			sourceTree = "<group>";
		};
		3B9F1691195BD396000D7F18 /* cube */ = {
			isa = PBXGroup;
			children = (
				3B9F1692195BD396000D7F18 /* crosstalk.cube */,
				3B9F1693195BD396000D7F18 /* halfred_iridas.cube */,
				3B9F1694195BD396000D7F18 /* iridas.cube */,
			);
			name = cube;
			path = OpenColorIO/cube;
			sourceTree = "<group>";
		};
		3BC455EA195BCF670030435D = {
			isa = PBXGroup;
			children = (
				3B44B67F195BDF4E00EE1E1E /* ParserTests.m */,
				3B9F168A195BD18F000D7F18 /* CocoaLUTTests-Bridging-Header.h */,
				F14D50DF822D4C6093067A10 /* Pods-CocoaLUTTests.xcconfig */,
				3BC45615195BCFDA0030435D /* Test LUTs */,
				3BC45609195BCF670030435D /* Supporting Files */,
				3BC455F4195BCF670030435D /* Products */,
				AF022F42F5794E30A2700010 /* Frameworks */,
			);
			sourceTree = "<group>";
		};
		3BC455F4195BCF670030435D /* Products */ = {
			isa = PBXGroup;
			children = (
				3BC45605195BCF670030435D /* CocoaLUTTests.xctest */,
			);
			name = Products;
			sourceTree = "<group>";
		};
		3BC45609195BCF670030435D /* Supporting Files */ = {
			isa = PBXGroup;
			children = (
				3BC4560A195BCF670030435D /* Info.plist */,
			);
			name = "Supporting Files";
			path = CocoaLUTTests;
			sourceTree = "<group>";
		};
		3BC45615195BCFDA0030435D /* Test LUTs */ = {
			isa = PBXGroup;
			children = (
				3B9F168D195BD396000D7F18 /* 3dl */,
				3B9F1691195BD396000D7F18 /* cube */,
			);
			name = "Test LUTs";
			path = "CocoaLUTTests/Test LUTs";
			sourceTree = "<group>";
		};
		AF022F42F5794E30A2700010 /* Frameworks */ = {
			isa = PBXGroup;
			children = (
				136DB71339AF4635AAB96137 /* libPods-CocoaLUT.a */,
				51A1D4F5F4C445BB8B8E7353 /* libPods-CocoaLUTTests.a */,
			);
			name = Frameworks;
			sourceTree = "<group>";
		};
/* End PBXGroup section */

/* Begin PBXNativeTarget section */
		3BC45604195BCF670030435D /* CocoaLUTTests */ = {
			isa = PBXNativeTarget;
			buildConfigurationList = 3BC45612195BCF670030435D /* Build configuration list for PBXNativeTarget "CocoaLUTTests" */;
			buildPhases = (
				EDC6CE66B9854FAF8448D392 /* Check Pods Manifest.lock */,
				3BC45601195BCF670030435D /* Sources */,
				3BC45602195BCF670030435D /* Frameworks */,
				3BC45603195BCF670030435D /* Resources */,
				D1CE0FF71595420EB26BBEF4 /* Copy Pods Resources */,
			);
			buildRules = (
			);
			dependencies = (
			);
			name = CocoaLUTTests;
			productName = CocoaLUTTests;
			productReference = 3BC45605195BCF670030435D /* CocoaLUTTests.xctest */;
			productType = "com.apple.product-type.bundle.unit-test";
		};
/* End PBXNativeTarget section */

/* Begin PBXProject section */
		3BC455EB195BCF670030435D /* Project object */ = {
			isa = PBXProject;
			attributes = {
				LastUpgradeCheck = 0600;
				ORGANIZATIONNAME = "Wil Gieseler";
				TargetAttributes = {
					3BC45604195BCF670030435D = {
						CreatedOnToolsVersion = 6.0;
						TestTargetID = 3BC455F2195BCF670030435D;
					};
				};
			};
			buildConfigurationList = 3BC455EE195BCF670030435D /* Build configuration list for PBXProject "CocoaLUT" */;
			compatibilityVersion = "Xcode 3.2";
			developmentRegion = English;
			hasScannedForEncodings = 0;
			knownRegions = (
				en,
				Base,
			);
			mainGroup = 3BC455EA195BCF670030435D;
			productRefGroup = 3BC455F4195BCF670030435D /* Products */;
			projectDirPath = "";
			projectRoot = "";
			targets = (
				3BC45604195BCF670030435D /* CocoaLUTTests */,
			);
		};
/* End PBXProject section */

/* Begin PBXResourcesBuildPhase section */
		3BC45603195BCF670030435D /* Resources */ = {
			isa = PBXResourcesBuildPhase;
			buildActionMask = 2147483647;
			files = (
				3B9F1695195BD396000D7F18 /* crosstalk.3dl in Resources */,
				3B9F1699195BD396000D7F18 /* halfred_iridas.cube in Resources */,
				3B9F169A195BD396000D7F18 /* iridas.cube in Resources */,
				3B9F1698195BD396000D7F18 /* crosstalk.cube in Resources */,
				3B9F1696195BD396000D7F18 /* halfred_truelight.3dl in Resources */,
				3B9F1697195BD396000D7F18 /* halfred_truelight_log.3dl in Resources */,
			);
			runOnlyForDeploymentPostprocessing = 0;
		};
/* End PBXResourcesBuildPhase section */

/* Begin PBXShellScriptBuildPhase section */
		D1CE0FF71595420EB26BBEF4 /* Copy Pods Resources */ = {
			isa = PBXShellScriptBuildPhase;
			buildActionMask = 2147483647;
			files = (
			);
			inputPaths = (
			);
			name = "Copy Pods Resources";
			outputPaths = (
			);
			runOnlyForDeploymentPostprocessing = 0;
			shellPath = /bin/sh;
			shellScript = "\"${SRCROOT}/Pods/Pods-CocoaLUTTests-resources.sh\"\n";
			showEnvVarsInLog = 0;
		};
		EDC6CE66B9854FAF8448D392 /* Check Pods Manifest.lock */ = {
			isa = PBXShellScriptBuildPhase;
			buildActionMask = 2147483647;
			files = (
			);
			inputPaths = (
			);
			name = "Check Pods Manifest.lock";
			outputPaths = (
			);
			runOnlyForDeploymentPostprocessing = 0;
			shellPath = /bin/sh;
			shellScript = "diff \"${PODS_ROOT}/../Podfile.lock\" \"${PODS_ROOT}/Manifest.lock\" > /dev/null\nif [[ $? != 0 ]] ; then\n    cat << EOM\nerror: The sandbox is not in sync with the Podfile.lock. Run 'pod install' or update your CocoaPods installation.\nEOM\n    exit 1\nfi\n";
			showEnvVarsInLog = 0;
		};
/* End PBXShellScriptBuildPhase section */

/* Begin PBXSourcesBuildPhase section */
		3BC45601195BCF670030435D /* Sources */ = {
			isa = PBXSourcesBuildPhase;
			buildActionMask = 2147483647;
			files = (
				3B44B680195BDF4E00EE1E1E /* ParserTests.m in Sources */,
			);
			runOnlyForDeploymentPostprocessing = 0;
		};
/* End PBXSourcesBuildPhase section */

/* Begin XCBuildConfiguration section */
		3BC4560D195BCF670030435D /* Debug */ = {
			isa = XCBuildConfiguration;
			buildSettings = {
				ALWAYS_SEARCH_USER_PATHS = NO;
				CLANG_CXX_LANGUAGE_STANDARD = "gnu++0x";
				CLANG_CXX_LIBRARY = "libc++";
				CLANG_ENABLE_MODULES = YES;
				CLANG_ENABLE_OBJC_ARC = YES;
				CLANG_WARN_BOOL_CONVERSION = YES;
				CLANG_WARN_CONSTANT_CONVERSION = YES;
				CLANG_WARN_DIRECT_OBJC_ISA_USAGE = YES_ERROR;
				CLANG_WARN_EMPTY_BODY = YES;
				CLANG_WARN_ENUM_CONVERSION = YES;
				CLANG_WARN_INT_CONVERSION = YES;
				CLANG_WARN_OBJC_ROOT_CLASS = YES_ERROR;
				CLANG_WARN_UNREACHABLE_CODE = YES;
				CLANG_WARN__DUPLICATE_METHOD_MATCH = YES;
				CODE_SIGN_IDENTITY = "-";
				COPY_PHASE_STRIP = NO;
				ENABLE_STRICT_OBJC_MSGSEND = YES;
				GCC_C_LANGUAGE_STANDARD = gnu99;
				GCC_DYNAMIC_NO_PIC = NO;
				GCC_OPTIMIZATION_LEVEL = 0;
				GCC_PREPROCESSOR_DEFINITIONS = (
					"DEBUG=1",
					"$(inherited)",
				);
				GCC_SYMBOLS_PRIVATE_EXTERN = NO;
				GCC_WARN_64_TO_32_BIT_CONVERSION = YES;
				GCC_WARN_ABOUT_RETURN_TYPE = YES_ERROR;
				GCC_WARN_UNDECLARED_SELECTOR = YES;
				GCC_WARN_UNINITIALIZED_AUTOS = YES_AGGRESSIVE;
				GCC_WARN_UNUSED_FUNCTION = YES;
				GCC_WARN_UNUSED_VARIABLE = YES;
				MACOSX_DEPLOYMENT_TARGET = 10.9;
				METAL_ENABLE_DEBUG_INFO = YES;
				ONLY_ACTIVE_ARCH = YES;
				SDKROOT = macosx;
				SWIFT_OPTIMIZATION_LEVEL = "-Onone";
			};
			name = Debug;
		};
		3BC4560E195BCF670030435D /* Release */ = {
			isa = XCBuildConfiguration;
			buildSettings = {
				ALWAYS_SEARCH_USER_PATHS = NO;
				CLANG_CXX_LANGUAGE_STANDARD = "gnu++0x";
				CLANG_CXX_LIBRARY = "libc++";
				CLANG_ENABLE_MODULES = YES;
				CLANG_ENABLE_OBJC_ARC = YES;
				CLANG_WARN_BOOL_CONVERSION = YES;
				CLANG_WARN_CONSTANT_CONVERSION = YES;
				CLANG_WARN_DIRECT_OBJC_ISA_USAGE = YES_ERROR;
				CLANG_WARN_EMPTY_BODY = YES;
				CLANG_WARN_ENUM_CONVERSION = YES;
				CLANG_WARN_INT_CONVERSION = YES;
				CLANG_WARN_OBJC_ROOT_CLASS = YES_ERROR;
				CLANG_WARN_UNREACHABLE_CODE = YES;
				CLANG_WARN__DUPLICATE_METHOD_MATCH = YES;
				CODE_SIGN_IDENTITY = "-";
				COPY_PHASE_STRIP = YES;
				DEBUG_INFORMATION_FORMAT = "dwarf-with-dsym";
				ENABLE_NS_ASSERTIONS = NO;
				ENABLE_STRICT_OBJC_MSGSEND = YES;
				GCC_C_LANGUAGE_STANDARD = gnu99;
				GCC_WARN_64_TO_32_BIT_CONVERSION = YES;
				GCC_WARN_ABOUT_RETURN_TYPE = YES_ERROR;
				GCC_WARN_UNDECLARED_SELECTOR = YES;
				GCC_WARN_UNINITIALIZED_AUTOS = YES_AGGRESSIVE;
				GCC_WARN_UNUSED_FUNCTION = YES;
				GCC_WARN_UNUSED_VARIABLE = YES;
				MACOSX_DEPLOYMENT_TARGET = 10.9;
				METAL_ENABLE_DEBUG_INFO = NO;
				SDKROOT = macosx;
			};
			name = Release;
		};
		3BC45613195BCF670030435D /* Debug */ = {
			isa = XCBuildConfiguration;
			baseConfigurationReference = F14D50DF822D4C6093067A10 /* Pods-CocoaLUTTests.xcconfig */;
			buildSettings = {
				BUNDLE_LOADER = "$(BUILT_PRODUCTS_DIR)/CocoaLUT.app/Contents/MacOS/CocoaLUT";
				CLANG_ENABLE_MODULES = YES;
				COMBINE_HIDPI_IMAGES = YES;
				FRAMEWORK_SEARCH_PATHS = (
					"$(DEVELOPER_FRAMEWORKS_DIR)",
					"$(inherited)",
				);
				GCC_PREPROCESSOR_DEFINITIONS = (
					"DEBUG=1",
					"$(inherited)",
				);
				INFOPLIST_FILE = CocoaLUTTests/Info.plist;
				LD_RUNPATH_SEARCH_PATHS = "$(inherited) @executable_path/../Frameworks @loader_path/../Frameworks";
				METAL_ENABLE_DEBUG_INFO = YES;
				PRODUCT_NAME = "$(TARGET_NAME)";
				SWIFT_OBJC_BRIDGING_HEADER = "CocoaLUTTests/CocoaLUTTests-Bridging-Header.h";
				SWIFT_OPTIMIZATION_LEVEL = "-Onone";
				TEST_HOST = "$(BUNDLE_LOADER)";
			};
			name = Debug;
		};
		3BC45614195BCF670030435D /* Release */ = {
			isa = XCBuildConfiguration;
			baseConfigurationReference = F14D50DF822D4C6093067A10 /* Pods-CocoaLUTTests.xcconfig */;
			buildSettings = {
				BUNDLE_LOADER = "$(BUILT_PRODUCTS_DIR)/CocoaLUT.app/Contents/MacOS/CocoaLUT";
				CLANG_ENABLE_MODULES = YES;
				COMBINE_HIDPI_IMAGES = YES;
				FRAMEWORK_SEARCH_PATHS = (
					"$(DEVELOPER_FRAMEWORKS_DIR)",
					"$(inherited)",
				);
				INFOPLIST_FILE = CocoaLUTTests/Info.plist;
				LD_RUNPATH_SEARCH_PATHS = "$(inherited) @executable_path/../Frameworks @loader_path/../Frameworks";
				METAL_ENABLE_DEBUG_INFO = NO;
				PRODUCT_NAME = "$(TARGET_NAME)";
				SWIFT_OBJC_BRIDGING_HEADER = "CocoaLUTTests/CocoaLUTTests-Bridging-Header.h";
				TEST_HOST = "$(BUNDLE_LOADER)";
			};
			name = Release;
		};
/* End XCBuildConfiguration section */

/* Begin XCConfigurationList section */
		3BC455EE195BCF670030435D /* Build configuration list for PBXProject "CocoaLUT" */ = {
			isa = XCConfigurationList;
			buildConfigurations = (
				3BC4560D195BCF670030435D /* Debug */,
				3BC4560E195BCF670030435D /* Release */,
			);
			defaultConfigurationIsVisible = 0;
			defaultConfigurationName = Release;
		};
		3BC45612195BCF670030435D /* Build configuration list for PBXNativeTarget "CocoaLUTTests" */ = {
			isa = XCConfigurationList;
			buildConfigurations = (
				3BC45613195BCF670030435D /* Debug */,
				3BC45614195BCF670030435D /* Release */,
			);
			defaultConfigurationIsVisible = 0;
			defaultConfigurationName = Release;
		};
/* End XCConfigurationList section */
	};
	rootObject = 3BC455EB195BCF670030435D /* Project object */;
}
